
Microsoft Visual Studio Solution File, Format Version 12.00
# Visual Studio 15
VisualStudioVersion = 15.0.28307.572
MinimumVisualStudioVersion = 10.0.40219.1
Project("{FAE04EC0-301F-11D3-BF4B-00C04F79EFBC}") = "AspNet-70-486", "AspNet-70-486\AspNet-70-486.csproj", "{25F2D42F-3C53-497C-B4E5-02623C6DD125}"
EndProject
Global
	GlobalSection(SolutionConfigurationPlatforms) = preSolution
		Debug|Any CPU = Debug|Any CPU
		Release|Any CPU = Release|Any CPU
	EndGlobalSection
	GlobalSection(ProjectConfigurationPlatforms) = postSolution
		{25F2D42F-3C53-497C-B4E5-02623C6DD125}.Debug|Any CPU.ActiveCfg = Debug|Any CPU
		{25F2D42F-3C53-497C-B4E5-02623C6DD125}.Debug|Any CPU.Build.0 = Debug|Any CPU
		{25F2D42F-3C53-497C-B4E5-02623C6DD125}.Release|Any CPU.ActiveCfg = Release|Any CPU
		{25F2D42F-3C53-497C-B4E5-02623C6DD125}.Release|Any CPU.Build.0 = Release|Any CPU
	EndGlobalSection
	GlobalSection(SolutionProperties) = preSolution
		HideSolutionNode = FALSE
	EndGlobalSection
	GlobalSection(ExtensibilityGlobals) = postSolution
		SolutionGuid = {BEAFA78A-1DA9-4351-BC62-8D515CCA601F}
	EndGlobalSection
EndGlobal
